// !$*UTF8*$!
{
	archiveVersion = 1;
	classes = {
	};
	objectVersion = 46;
	objects = {

/* Begin PBXBuildFile section */
		5801156C1EE5BB1700DB8F2A /* MapboxSearchController.swift in Sources */ = {isa = PBXBuildFile; fileRef = 5801156B1EE5BB1700DB8F2A /* MapboxSearchController.swift */; };
		5801156E1EE5C0AB00DB8F2A /* Utils.swift in Sources */ = {isa = PBXBuildFile; fileRef = 5801156D1EE5C0AB00DB8F2A /* Utils.swift */; };
		580DEA531FE7297100C4B877 /* UINavigatorTitleView.swift in Sources */ = {isa = PBXBuildFile; fileRef = 580DEA521FE7297100C4B877 /* UINavigatorTitleView.swift */; };
		580E01E91E59CC2A00E1C3FE /* GoogleMapController.swift in Sources */ = {isa = PBXBuildFile; fileRef = 580E01E81E59CC2A00E1C3FE /* GoogleMapController.swift */; };
		580F8A902032037C000F9022 /* DialogSendSharingNotification.swift in Sources */ = {isa = PBXBuildFile; fileRef = 580F8A8F2032037C000F9022 /* DialogSendSharingNotification.swift */; };
		581508BA1E5E0C48003DDA80 /* UILoadingSwitch.swift in Sources */ = {isa = PBXBuildFile; fileRef = 581508B91E5E0C48003DDA80 /* UILoadingSwitch.swift */; };
		58202AB61E743B6A00BC7FCD /* Localizable.strings in Resources */ = {isa = PBXBuildFile; fileRef = 58202AB41E743B6A00BC7FCD /* Localizable.strings */; };
		58202AC11E74434400BC7FCD /* InfoPlist.strings in Resources */ = {isa = PBXBuildFile; fileRef = 58202ABF1E74434400BC7FCD /* InfoPlist.strings */; };
		58202AC41E74854A00BC7FCD /* Log.swift in Sources */ = {isa = PBXBuildFile; fileRef = 58202AC31E74854A00BC7FCD /* Log.swift */; };
		58230E111E6EEB7400AF4087 /* MessengerController.swift in Sources */ = {isa = PBXBuildFile; fileRef = 58230E101E6EEB7400AF4087 /* MessengerController.swift */; };
		5831E33B1E5CB95600A7EB0E /* Marker.swift in Sources */ = {isa = PBXBuildFile; fileRef = 5831E33A1E5CB95600A7EB0E /* Marker.swift */; };
		5831E33D1E5CC96500A7EB0E /* Enchantment.swift in Sources */ = {isa = PBXBuildFile; fileRef = 5831E33C1E5CC96500A7EB0E /* Enchantment.swift */; };
		5831E33F1E5D5BAE00A7EB0E /* EnchantmentController.swift in Sources */ = {isa = PBXBuildFile; fileRef = 5831E33E1E5D5BAE00A7EB0E /* EnchantmentController.swift */; };
		5831E3411E5D632900A7EB0E /* MarkerController.swift in Sources */ = {isa = PBXBuildFile; fileRef = 5831E3401E5D632900A7EB0E /* MarkerController.swift */; };
		583CA8DD1EBCEDF70043B171 /* DialogEditSelf.swift in Sources */ = {isa = PBXBuildFile; fileRef = 583CA8DC1EBCEDF70043B171 /* DialogEditSelf.swift */; };
		583CA8DF1EBCEE150043B171 /* DialogEditMate.swift in Sources */ = {isa = PBXBuildFile; fileRef = 583CA8DE1EBCEE150043B171 /* DialogEditMate.swift */; };
		583CA8E11EBCEE300043B171 /* DialogRequestActiveDevice.swift in Sources */ = {isa = PBXBuildFile; fileRef = 583CA8E01EBCEE300043B171 /* DialogRequestActiveDevice.swift */; };
		583CA8E31EBCEE430043B171 /* DialogJoinChannel.swift in Sources */ = {isa = PBXBuildFile; fileRef = 583CA8E21EBCEE430043B171 /* DialogJoinChannel.swift */; };
		583CA8E51EBCEE5A0043B171 /* DialogCreateChannel.swift in Sources */ = {isa = PBXBuildFile; fileRef = 583CA8E41EBCEE5A0043B171 /* DialogCreateChannel.swift */; };
		583CA8E71EBCEE770043B171 /* DialogEditChannel.swift in Sources */ = {isa = PBXBuildFile; fileRef = 583CA8E61EBCEE770043B171 /* DialogEditChannel.swift */; };
		583CA8E91EBCEE8F0043B171 /* DialogDeleteChannel.swift in Sources */ = {isa = PBXBuildFile; fileRef = 583CA8E81EBCEE8F0043B171 /* DialogDeleteChannel.swift */; };
		583CA8EB1EBCEEAA0043B171 /* DialogEditRadius.swift in Sources */ = {isa = PBXBuildFile; fileRef = 583CA8EA1EBCEEAA0043B171 /* DialogEditRadius.swift */; };
		583CA8ED1EBCEECC0043B171 /* DialogMapMenu.swift in Sources */ = {isa = PBXBuildFile; fileRef = 583CA8EC1EBCEECC0043B171 /* DialogMapMenu.swift */; };
		583CA8EF1EBCEEE60043B171 /* DialogShareLocation.swift in Sources */ = {isa = PBXBuildFile; fileRef = 583CA8EE1EBCEEE60043B171 /* DialogShareLocation.swift */; };
		583CA8F11EBCEEFF0043B171 /* DialogOpenIn.swift in Sources */ = {isa = PBXBuildFile; fileRef = 583CA8F01EBCEEFF0043B171 /* DialogOpenIn.swift */; };
		583CA8F31EBCEF130043B171 /* DialogCreateEnchantment.swift in Sources */ = {isa = PBXBuildFile; fileRef = 583CA8F21EBCEF130043B171 /* DialogCreateEnchantment.swift */; };
		583CA8F51EBCEF280043B171 /* DialogEditEnchantment.swift in Sources */ = {isa = PBXBuildFile; fileRef = 583CA8F41EBCEF280043B171 /* DialogEditEnchantment.swift */; };
		583CA8F71EBCEF3F0043B171 /* DialogDeleteEnchantment.swift in Sources */ = {isa = PBXBuildFile; fileRef = 583CA8F61EBCEF3F0043B171 /* DialogDeleteEnchantment.swift */; };
		583CA8F91EBCEF520043B171 /* DialogCreateMarker.swift in Sources */ = {isa = PBXBuildFile; fileRef = 583CA8F81EBCEF520043B171 /* DialogCreateMarker.swift */; };
		583CA8FB1EBCEF6A0043B171 /* DialogEditMarker.swift in Sources */ = {isa = PBXBuildFile; fileRef = 583CA8FA1EBCEF6A0043B171 /* DialogEditMarker.swift */; };
		583CA8FD1EBCEF800043B171 /* DialogDeleteMarker.swift in Sources */ = {isa = PBXBuildFile; fileRef = 583CA8FC1EBCEF800043B171 /* DialogDeleteMarker.swift */; };
		584068A01EABE0E600E4964D /* SettingsController.swift in Sources */ = {isa = PBXBuildFile; fileRef = 5840689F1EABE0E600E4964D /* SettingsController.swift */; };
		584068A21EB4672300E4964D /* SearchController.swift in Sources */ = {isa = PBXBuildFile; fileRef = 584068A11EB4672300E4964D /* SearchController.swift */; };
		584068A41EB4D04900E4964D /* GoogleSearchController.swift in Sources */ = {isa = PBXBuildFile; fileRef = 584068A31EB4D04900E4964D /* GoogleSearchController.swift */; };
		584599D21EC05E4F003C53A8 /* POI.swift in Sources */ = {isa = PBXBuildFile; fileRef = 584599D11EC05E4F003C53A8 /* POI.swift */; };
		584599D41EC05E8E003C53A8 /* GooglePOI.swift in Sources */ = {isa = PBXBuildFile; fileRef = 584599D31EC05E8E003C53A8 /* GooglePOI.swift */; };
		584599D61EC06BC0003C53A8 /* PoiViewerController.swift in Sources */ = {isa = PBXBuildFile; fileRef = 584599D51EC06BC0003C53A8 /* PoiViewerController.swift */; };
		584599D81EC06BE1003C53A8 /* GooglePoiViewerController.swift in Sources */ = {isa = PBXBuildFile; fileRef = 584599D71EC06BE1003C53A8 /* GooglePoiViewerController.swift */; };
		58483BC3F34B2978F0A0DED9 /* Pods_whereimUITests.framework in Frameworks */ = {isa = PBXBuildFile; fileRef = 4F2B6675A012E8969BE7DE7C /* Pods_whereimUITests.framework */; };
		5849B1441EAA82AC0058B560 /* GoogleService-Info.plist in Resources */ = {isa = PBXBuildFile; fileRef = 5849B1431EAA82AC0058B560 /* GoogleService-Info.plist */; };
		58568FB51E51ADF2002FAD41 /* AppDelegate.swift in Sources */ = {isa = PBXBuildFile; fileRef = 58568FB41E51ADF2002FAD41 /* AppDelegate.swift */; };
		58568FB71E51ADF2002FAD41 /* LoginController.swift in Sources */ = {isa = PBXBuildFile; fileRef = 58568FB61E51ADF2002FAD41 /* LoginController.swift */; };
		58568FBA1E51ADF2002FAD41 /* Main.storyboard in Resources */ = {isa = PBXBuildFile; fileRef = 58568FB81E51ADF2002FAD41 /* Main.storyboard */; };
		58568FBD1E51ADF2002FAD41 /* whereim.xcdatamodeld in Sources */ = {isa = PBXBuildFile; fileRef = 58568FBB1E51ADF2002FAD41 /* whereim.xcdatamodeld */; };
		58568FBF1E51ADF2002FAD41 /* Assets.xcassets in Resources */ = {isa = PBXBuildFile; fileRef = 58568FBE1E51ADF2002FAD41 /* Assets.xcassets */; };
		58568FC21E51ADF2002FAD41 /* LaunchScreen.storyboard in Resources */ = {isa = PBXBuildFile; fileRef = 58568FC01E51ADF2002FAD41 /* LaunchScreen.storyboard */; };
		58568FCD1E51ADF2002FAD41 /* whereimTests.swift in Sources */ = {isa = PBXBuildFile; fileRef = 58568FCC1E51ADF2002FAD41 /* whereimTests.swift */; };
		58568FD81E51ADF2002FAD41 /* whereimUITests.swift in Sources */ = {isa = PBXBuildFile; fileRef = 58568FD71E51ADF2002FAD41 /* whereimUITests.swift */; };
		58568FE51E542E1D002FAD41 /* Pods_whereim.framework in Frameworks */ = {isa = PBXBuildFile; fileRef = 704BDAB48B07EAEDFC22BF28 /* Pods_whereim.framework */; settings = {ATTRIBUTES = (Required, ); }; };
		586091301E75B60600377ADF /* LogController.swift in Sources */ = {isa = PBXBuildFile; fileRef = 5860912F1E75B60600377ADF /* LogController.swift */; };
		587CBBF41ED6149D00197A90 /* MapboxController.swift in Sources */ = {isa = PBXBuildFile; fileRef = 587CBBF31ED6149D00197A90 /* MapboxController.swift */; };
		587F41E01EC159CB00823E6C /* DialogChannelInvite.swift in Sources */ = {isa = PBXBuildFile; fileRef = 587F41DF1EC159CB00823E6C /* DialogChannelInvite.swift */; };
		587F41E21EC15B4200823E6C /* DialogChannelInviteQrCode.swift in Sources */ = {isa = PBXBuildFile; fileRef = 587F41E11EC15B4200823E6C /* DialogChannelInviteQrCode.swift */; };
		587F41E41EC16A6C00823E6C /* DialogNewChannel.swift in Sources */ = {isa = PBXBuildFile; fileRef = 587F41E31EC16A6C00823E6C /* DialogNewChannel.swift */; };
		587F41E61EC2223F00823E6C /* ScannerController.swift in Sources */ = {isa = PBXBuildFile; fileRef = 587F41E51EC2223F00823E6C /* ScannerController.swift */; };
		58934FD51EF04DD300FBF052 /* DialogMatesInfo.swift in Sources */ = {isa = PBXBuildFile; fileRef = 58934FD41EF04DD300FBF052 /* DialogMatesInfo.swift */; };
		5893BDD31EF0553600F908BE /* DialogMobileEnchantment.swift in Sources */ = {isa = PBXBuildFile; fileRef = 5893BDD21EF0553600F908BE /* DialogMobileEnchantment.swift */; };
		5893BDD51EF0554300F908BE /* DialogFixedEnchantment.swift in Sources */ = {isa = PBXBuildFile; fileRef = 5893BDD41EF0554300F908BE /* DialogFixedEnchantment.swift */; };
		58A6EB881E56F5CF00C29A49 /* CaptchaController.swift in Sources */ = {isa = PBXBuildFile; fileRef = 58A6EB841E56F5CF00C29A49 /* CaptchaController.swift */; };
		58A6EB891E56F5CF00C29A49 /* ChannelListController.swift in Sources */ = {isa = PBXBuildFile; fileRef = 58A6EB851E56F5CF00C29A49 /* ChannelListController.swift */; };
		58A6EB8A1E56F5CF00C29A49 /* Config.swift in Sources */ = {isa = PBXBuildFile; fileRef = 58A6EB861E56F5CF00C29A49 /* Config.swift */; };
		58A6EB8B1E56F5CF00C29A49 /* CoreService.swift in Sources */ = {isa = PBXBuildFile; fileRef = 58A6EB871E56F5CF00C29A49 /* CoreService.swift */; };
		58A6EB8D1E56F66D00C29A49 /* Key.swift in Sources */ = {isa = PBXBuildFile; fileRef = 58A6EB8C1E56F66D00C29A49 /* Key.swift */; };
		58A6EB901E5858E700C29A49 /* aws.bundle in Resources */ = {isa = PBXBuildFile; fileRef = 58A6EB8F1E5858E700C29A49 /* aws.bundle */; };
		58A6EB9A1E5897BA00C29A49 /* Channel.swift in Sources */ = {isa = PBXBuildFile; fileRef = 58A6EB991E5897BA00C29A49 /* Channel.swift */; };
		58D1C0401E6DA52B005A904F /* Message.swift in Sources */ = {isa = PBXBuildFile; fileRef = 58D1C03F1E6DA52B005A904F /* Message.swift */; };
		58DBA29F1E9E19C7000744F0 /* UIPlacerHolderCell.swift in Sources */ = {isa = PBXBuildFile; fileRef = 58DBA29E1E9E19C7000744F0 /* UIPlacerHolderCell.swift */; };
		58DBA2A11E9F2D8E000744F0 /* whereim.bundle in Resources */ = {isa = PBXBuildFile; fileRef = 58DBA2A01E9F2D8E000744F0 /* whereim.bundle */; };
		58DBA2A31E9F31D5000744F0 /* AboutController.swift in Sources */ = {isa = PBXBuildFile; fileRef = 58DBA2A21E9F31D5000744F0 /* AboutController.swift */; };
		58E347A51E5A183D0025211B /* MapController.swift in Sources */ = {isa = PBXBuildFile; fileRef = 58E347A41E5A183D0025211B /* MapController.swift */; };
		58E347A71E5A18F00025211B /* Mate.swift in Sources */ = {isa = PBXBuildFile; fileRef = 58E347A61E5A18F00025211B /* Mate.swift */; };
		58E347A91E5A23F20025211B /* ChannelController.swift in Sources */ = {isa = PBXBuildFile; fileRef = 58E347A81E5A23F20025211B /* ChannelController.swift */; };
		58F5C5D41ED1668B00BD9567 /* FilterBar.swift in Sources */ = {isa = PBXBuildFile; fileRef = 58F5C5D31ED1668B00BD9567 /* FilterBar.swift */; };
		58FA16161EE854110094A610 /* MapboxPoiViewerController.swift in Sources */ = {isa = PBXBuildFile; fileRef = 58FA16151EE854110094A610 /* MapboxPoiViewerController.swift */; };
		58FA16181EE854BD0094A610 /* MapboxUtils.swift in Sources */ = {isa = PBXBuildFile; fileRef = 58FA16171EE854BD0094A610 /* MapboxUtils.swift */; };
		58FA161A1EE9DB1E0094A610 /* UIHintDialog.swift in Sources */ = {isa = PBXBuildFile; fileRef = 58FA16191EE9DB1E0094A610 /* UIHintDialog.swift */; };
		F9AB810CBC94F21B55C4C54F /* Pods_whereimTests.framework in Frameworks */ = {isa = PBXBuildFile; fileRef = 23E406CB010A4BCE20D71AD2 /* Pods_whereimTests.framework */; };
/* End PBXBuildFile section */

/* Begin PBXContainerItemProxy section */
		58568FC91E51ADF2002FAD41 /* PBXContainerItemProxy */ = {
			isa = PBXContainerItemProxy;
			containerPortal = 58568FA91E51ADF2002FAD41 /* Project object */;
			proxyType = 1;
			remoteGlobalIDString = 58568FB01E51ADF2002FAD41;
			remoteInfo = whereim;
		};
		58568FD41E51ADF2002FAD41 /* PBXContainerItemProxy */ = {
			isa = PBXContainerItemProxy;
			containerPortal = 58568FA91E51ADF2002FAD41 /* Project object */;
			proxyType = 1;
			remoteGlobalIDString = 58568FB01E51ADF2002FAD41;
			remoteInfo = whereim;
		};
/* End PBXContainerItemProxy section */

/* Begin PBXFileReference section */
		08B02BA680B73D399642E716 /* Pods-whereim.release.xcconfig */ = {isa = PBXFileReference; includeInIndex = 1; lastKnownFileType = text.xcconfig; name = "Pods-whereim.release.xcconfig"; path = "Pods/Target Support Files/Pods-whereim/Pods-whereim.release.xcconfig"; sourceTree = "<group>"; };
		12301F524FD53E73A62AF619 /* Pods-whereimUITests.release.xcconfig */ = {isa = PBXFileReference; includeInIndex = 1; lastKnownFileType = text.xcconfig; name = "Pods-whereimUITests.release.xcconfig"; path = "Pods/Target Support Files/Pods-whereimUITests/Pods-whereimUITests.release.xcconfig"; sourceTree = "<group>"; };
		23E406CB010A4BCE20D71AD2 /* Pods_whereimTests.framework */ = {isa = PBXFileReference; explicitFileType = wrapper.framework; includeInIndex = 0; path = Pods_whereimTests.framework; sourceTree = BUILT_PRODUCTS_DIR; };
		29769765B3144125E07073AB /* Pods-whereimTests.release.xcconfig */ = {isa = PBXFileReference; includeInIndex = 1; lastKnownFileType = text.xcconfig; name = "Pods-whereimTests.release.xcconfig"; path = "Pods/Target Support Files/Pods-whereimTests/Pods-whereimTests.release.xcconfig"; sourceTree = "<group>"; };
		3FF6FDF16300892FC2995FD2 /* Pods-whereim.debug.xcconfig */ = {isa = PBXFileReference; includeInIndex = 1; lastKnownFileType = text.xcconfig; name = "Pods-whereim.debug.xcconfig"; path = "Pods/Target Support Files/Pods-whereim/Pods-whereim.debug.xcconfig"; sourceTree = "<group>"; };
		4F2B6675A012E8969BE7DE7C /* Pods_whereimUITests.framework */ = {isa = PBXFileReference; explicitFileType = wrapper.framework; includeInIndex = 0; path = Pods_whereimUITests.framework; sourceTree = BUILT_PRODUCTS_DIR; };
		4F5BC4E91993D704AA8B9A80 /* Pods-whereimTests.debug.xcconfig */ = {isa = PBXFileReference; includeInIndex = 1; lastKnownFileType = text.xcconfig; name = "Pods-whereimTests.debug.xcconfig"; path = "Pods/Target Support Files/Pods-whereimTests/Pods-whereimTests.debug.xcconfig"; sourceTree = "<group>"; };
		5801156B1EE5BB1700DB8F2A /* MapboxSearchController.swift */ = {isa = PBXFileReference; fileEncoding = 4; lastKnownFileType = sourcecode.swift; path = MapboxSearchController.swift; sourceTree = "<group>"; };
		5801156D1EE5C0AB00DB8F2A /* Utils.swift */ = {isa = PBXFileReference; fileEncoding = 4; lastKnownFileType = sourcecode.swift; path = Utils.swift; sourceTree = "<group>"; };
		580DEA521FE7297100C4B877 /* UINavigatorTitleView.swift */ = {isa = PBXFileReference; lastKnownFileType = sourcecode.swift; path = UINavigatorTitleView.swift; sourceTree = "<group>"; };
		580E01E81E59CC2A00E1C3FE /* GoogleMapController.swift */ = {isa = PBXFileReference; fileEncoding = 4; lastKnownFileType = sourcecode.swift; path = GoogleMapController.swift; sourceTree = "<group>"; };
		580F8A8F2032037C000F9022 /* DialogSendSharingNotification.swift */ = {isa = PBXFileReference; lastKnownFileType = sourcecode.swift; path = DialogSendSharingNotification.swift; sourceTree = "<group>"; };
		581508B91E5E0C48003DDA80 /* UILoadingSwitch.swift */ = {isa = PBXFileReference; fileEncoding = 4; lastKnownFileType = sourcecode.swift; path = UILoadingSwitch.swift; sourceTree = "<group>"; };
		58202AB51E743B6A00BC7FCD /* Base */ = {isa = PBXFileReference; lastKnownFileType = text.plist.strings; name = Base; path = whereim/Base.lproj/Localizable.strings; sourceTree = "<group>"; };
		58202AB91E743C9200BC7FCD /* zh-Hant */ = {isa = PBXFileReference; lastKnownFileType = text.plist.strings; name = "zh-Hant"; path = "whereim/zh-Hant.lproj/Localizable.strings"; sourceTree = "<group>"; };
		58202AC01E74434400BC7FCD /* Base */ = {isa = PBXFileReference; lastKnownFileType = text.plist.strings; name = Base; path = whereim/Base.lproj/InfoPlist.strings; sourceTree = "<group>"; };
		58202AC21E74439400BC7FCD /* zh-Hant */ = {isa = PBXFileReference; lastKnownFileType = text.plist.strings; name = "zh-Hant"; path = "whereim/zh-Hant.lproj/InfoPlist.strings"; sourceTree = "<group>"; };
		58202AC31E74854A00BC7FCD /* Log.swift */ = {isa = PBXFileReference; fileEncoding = 4; lastKnownFileType = sourcecode.swift; path = Log.swift; sourceTree = "<group>"; };
		58230E101E6EEB7400AF4087 /* MessengerController.swift */ = {isa = PBXFileReference; fileEncoding = 4; lastKnownFileType = sourcecode.swift; path = MessengerController.swift; sourceTree = "<group>"; };
		5831E33A1E5CB95600A7EB0E /* Marker.swift */ = {isa = PBXFileReference; fileEncoding = 4; lastKnownFileType = sourcecode.swift; path = Marker.swift; sourceTree = "<group>"; };
		5831E33C1E5CC96500A7EB0E /* Enchantment.swift */ = {isa = PBXFileReference; fileEncoding = 4; lastKnownFileType = sourcecode.swift; path = Enchantment.swift; sourceTree = "<group>"; };
		5831E33E1E5D5BAE00A7EB0E /* EnchantmentController.swift */ = {isa = PBXFileReference; fileEncoding = 4; lastKnownFileType = sourcecode.swift; path = EnchantmentController.swift; sourceTree = "<group>"; };
		5831E3401E5D632900A7EB0E /* MarkerController.swift */ = {isa = PBXFileReference; fileEncoding = 4; lastKnownFileType = sourcecode.swift; path = MarkerController.swift; sourceTree = "<group>"; };
		583CA8DC1EBCEDF70043B171 /* DialogEditSelf.swift */ = {isa = PBXFileReference; fileEncoding = 4; lastKnownFileType = sourcecode.swift; path = DialogEditSelf.swift; sourceTree = "<group>"; };
		583CA8DE1EBCEE150043B171 /* DialogEditMate.swift */ = {isa = PBXFileReference; fileEncoding = 4; lastKnownFileType = sourcecode.swift; path = DialogEditMate.swift; sourceTree = "<group>"; };
		583CA8E01EBCEE300043B171 /* DialogRequestActiveDevice.swift */ = {isa = PBXFileReference; fileEncoding = 4; lastKnownFileType = sourcecode.swift; path = DialogRequestActiveDevice.swift; sourceTree = "<group>"; };
		583CA8E21EBCEE430043B171 /* DialogJoinChannel.swift */ = {isa = PBXFileReference; fileEncoding = 4; lastKnownFileType = sourcecode.swift; path = DialogJoinChannel.swift; sourceTree = "<group>"; };
		583CA8E41EBCEE5A0043B171 /* DialogCreateChannel.swift */ = {isa = PBXFileReference; fileEncoding = 4; lastKnownFileType = sourcecode.swift; path = DialogCreateChannel.swift; sourceTree = "<group>"; };
		583CA8E61EBCEE770043B171 /* DialogEditChannel.swift */ = {isa = PBXFileReference; fileEncoding = 4; lastKnownFileType = sourcecode.swift; path = DialogEditChannel.swift; sourceTree = "<group>"; };
		583CA8E81EBCEE8F0043B171 /* DialogDeleteChannel.swift */ = {isa = PBXFileReference; fileEncoding = 4; lastKnownFileType = sourcecode.swift; path = DialogDeleteChannel.swift; sourceTree = "<group>"; };
		583CA8EA1EBCEEAA0043B171 /* DialogEditRadius.swift */ = {isa = PBXFileReference; fileEncoding = 4; lastKnownFileType = sourcecode.swift; path = DialogEditRadius.swift; sourceTree = "<group>"; };
		583CA8EC1EBCEECC0043B171 /* DialogMapMenu.swift */ = {isa = PBXFileReference; fileEncoding = 4; lastKnownFileType = sourcecode.swift; path = DialogMapMenu.swift; sourceTree = "<group>"; };
		583CA8EE1EBCEEE60043B171 /* DialogShareLocation.swift */ = {isa = PBXFileReference; fileEncoding = 4; lastKnownFileType = sourcecode.swift; path = DialogShareLocation.swift; sourceTree = "<group>"; };
		583CA8F01EBCEEFF0043B171 /* DialogOpenIn.swift */ = {isa = PBXFileReference; fileEncoding = 4; lastKnownFileType = sourcecode.swift; path = DialogOpenIn.swift; sourceTree = "<group>"; };
		583CA8F21EBCEF130043B171 /* DialogCreateEnchantment.swift */ = {isa = PBXFileReference; fileEncoding = 4; lastKnownFileType = sourcecode.swift; path = DialogCreateEnchantment.swift; sourceTree = "<group>"; };
		583CA8F41EBCEF280043B171 /* DialogEditEnchantment.swift */ = {isa = PBXFileReference; fileEncoding = 4; lastKnownFileType = sourcecode.swift; path = DialogEditEnchantment.swift; sourceTree = "<group>"; };
		583CA8F61EBCEF3F0043B171 /* DialogDeleteEnchantment.swift */ = {isa = PBXFileReference; fileEncoding = 4; lastKnownFileType = sourcecode.swift; path = DialogDeleteEnchantment.swift; sourceTree = "<group>"; };
		583CA8F81EBCEF520043B171 /* DialogCreateMarker.swift */ = {isa = PBXFileReference; fileEncoding = 4; lastKnownFileType = sourcecode.swift; path = DialogCreateMarker.swift; sourceTree = "<group>"; };
		583CA8FA1EBCEF6A0043B171 /* DialogEditMarker.swift */ = {isa = PBXFileReference; fileEncoding = 4; lastKnownFileType = sourcecode.swift; path = DialogEditMarker.swift; sourceTree = "<group>"; };
		583CA8FC1EBCEF800043B171 /* DialogDeleteMarker.swift */ = {isa = PBXFileReference; fileEncoding = 4; lastKnownFileType = sourcecode.swift; path = DialogDeleteMarker.swift; sourceTree = "<group>"; };
		583CA8FE1EBCF9CE0043B171 /* fr */ = {isa = PBXFileReference; lastKnownFileType = text.plist.strings; name = fr; path = whereim/fr.lproj/InfoPlist.strings; sourceTree = "<group>"; };
		583CA8FF1EBCF9CE0043B171 /* fr */ = {isa = PBXFileReference; lastKnownFileType = text.plist.strings; name = fr; path = whereim/fr.lproj/Localizable.strings; sourceTree = "<group>"; };
		583CA9001EBCF9D70043B171 /* de */ = {isa = PBXFileReference; lastKnownFileType = text.plist.strings; name = de; path = whereim/de.lproj/InfoPlist.strings; sourceTree = "<group>"; };
		583CA9011EBCF9D70043B171 /* de */ = {isa = PBXFileReference; lastKnownFileType = text.plist.strings; name = de; path = whereim/de.lproj/Localizable.strings; sourceTree = "<group>"; };
		583CA9021EBCF9DF0043B171 /* ja */ = {isa = PBXFileReference; lastKnownFileType = text.plist.strings; name = ja; path = whereim/ja.lproj/InfoPlist.strings; sourceTree = "<group>"; };
		583CA9031EBCF9DF0043B171 /* ja */ = {isa = PBXFileReference; lastKnownFileType = text.plist.strings; name = ja; path = whereim/ja.lproj/Localizable.strings; sourceTree = "<group>"; };
		583CA9041EBCF9E50043B171 /* es */ = {isa = PBXFileReference; lastKnownFileType = text.plist.strings; name = es; path = whereim/es.lproj/InfoPlist.strings; sourceTree = "<group>"; };
		583CA9051EBCF9E50043B171 /* es */ = {isa = PBXFileReference; lastKnownFileType = text.plist.strings; name = es; path = whereim/es.lproj/Localizable.strings; sourceTree = "<group>"; };
		583CA9061EBCF9ED0043B171 /* nl */ = {isa = PBXFileReference; lastKnownFileType = text.plist.strings; name = nl; path = whereim/nl.lproj/InfoPlist.strings; sourceTree = "<group>"; };
		583CA9071EBCF9EE0043B171 /* nl */ = {isa = PBXFileReference; lastKnownFileType = text.plist.strings; name = nl; path = whereim/nl.lproj/Localizable.strings; sourceTree = "<group>"; };
		583CA9081EBCF9F60043B171 /* ko */ = {isa = PBXFileReference; lastKnownFileType = text.plist.strings; name = ko; path = whereim/ko.lproj/InfoPlist.strings; sourceTree = "<group>"; };
		583CA9091EBCF9F60043B171 /* ko */ = {isa = PBXFileReference; lastKnownFileType = text.plist.strings; name = ko; path = whereim/ko.lproj/Localizable.strings; sourceTree = "<group>"; };
		583CA90A1EBCF9FE0043B171 /* ru */ = {isa = PBXFileReference; lastKnownFileType = text.plist.strings; name = ru; path = whereim/ru.lproj/InfoPlist.strings; sourceTree = "<group>"; };
		583CA90B1EBCF9FE0043B171 /* ru */ = {isa = PBXFileReference; lastKnownFileType = text.plist.strings; name = ru; path = whereim/ru.lproj/Localizable.strings; sourceTree = "<group>"; };
		583CA90C1EBCFA0B0043B171 /* th */ = {isa = PBXFileReference; lastKnownFileType = text.plist.strings; name = th; path = whereim/th.lproj/InfoPlist.strings; sourceTree = "<group>"; };
		583CA90D1EBCFA0B0043B171 /* th */ = {isa = PBXFileReference; lastKnownFileType = text.plist.strings; name = th; path = whereim/th.lproj/Localizable.strings; sourceTree = "<group>"; };
		583CA90E1EBCFA2A0043B171 /* vi */ = {isa = PBXFileReference; lastKnownFileType = text.plist.strings; name = vi; path = whereim/vi.lproj/InfoPlist.strings; sourceTree = "<group>"; };
		583CA90F1EBCFA2A0043B171 /* vi */ = {isa = PBXFileReference; lastKnownFileType = text.plist.strings; name = vi; path = whereim/vi.lproj/Localizable.strings; sourceTree = "<group>"; };
		5840689F1EABE0E600E4964D /* SettingsController.swift */ = {isa = PBXFileReference; fileEncoding = 4; lastKnownFileType = sourcecode.swift; path = SettingsController.swift; sourceTree = "<group>"; };
		584068A11EB4672300E4964D /* SearchController.swift */ = {isa = PBXFileReference; fileEncoding = 4; lastKnownFileType = sourcecode.swift; path = SearchController.swift; sourceTree = "<group>"; };
		584068A31EB4D04900E4964D /* GoogleSearchController.swift */ = {isa = PBXFileReference; fileEncoding = 4; lastKnownFileType = sourcecode.swift; path = GoogleSearchController.swift; sourceTree = "<group>"; };
		584599D11EC05E4F003C53A8 /* POI.swift */ = {isa = PBXFileReference; fileEncoding = 4; lastKnownFileType = sourcecode.swift; path = POI.swift; sourceTree = "<group>"; };
		584599D31EC05E8E003C53A8 /* GooglePOI.swift */ = {isa = PBXFileReference; fileEncoding = 4; lastKnownFileType = sourcecode.swift; path = GooglePOI.swift; sourceTree = "<group>"; };
		584599D51EC06BC0003C53A8 /* PoiViewerController.swift */ = {isa = PBXFileReference; fileEncoding = 4; lastKnownFileType = sourcecode.swift; path = PoiViewerController.swift; sourceTree = "<group>"; };
		584599D71EC06BE1003C53A8 /* GooglePoiViewerController.swift */ = {isa = PBXFileReference; fileEncoding = 4; lastKnownFileType = sourcecode.swift; path = GooglePoiViewerController.swift; sourceTree = "<group>"; };
		5849B1431EAA82AC0058B560 /* GoogleService-Info.plist */ = {isa = PBXFileReference; fileEncoding = 4; lastKnownFileType = text.plist.xml; path = "GoogleService-Info.plist"; sourceTree = "<group>"; };
		58568FB11E51ADF2002FAD41 /* whereim.app */ = {isa = PBXFileReference; explicitFileType = wrapper.application; includeInIndex = 0; path = whereim.app; sourceTree = BUILT_PRODUCTS_DIR; };
		58568FB41E51ADF2002FAD41 /* AppDelegate.swift */ = {isa = PBXFileReference; lastKnownFileType = sourcecode.swift; path = AppDelegate.swift; sourceTree = "<group>"; };
		58568FB61E51ADF2002FAD41 /* LoginController.swift */ = {isa = PBXFileReference; lastKnownFileType = sourcecode.swift; path = LoginController.swift; sourceTree = "<group>"; };
		58568FB91E51ADF2002FAD41 /* Base */ = {isa = PBXFileReference; lastKnownFileType = file.storyboard; name = Base; path = Base.lproj/Main.storyboard; sourceTree = "<group>"; };
		58568FBC1E51ADF2002FAD41 /* whereim.xcdatamodel */ = {isa = PBXFileReference; lastKnownFileType = wrapper.xcdatamodel; path = whereim.xcdatamodel; sourceTree = "<group>"; };
		58568FBE1E51ADF2002FAD41 /* Assets.xcassets */ = {isa = PBXFileReference; lastKnownFileType = folder.assetcatalog; path = Assets.xcassets; sourceTree = "<group>"; };
		58568FC11E51ADF2002FAD41 /* Base */ = {isa = PBXFileReference; lastKnownFileType = file.storyboard; name = Base; path = Base.lproj/LaunchScreen.storyboard; sourceTree = "<group>"; };
		58568FC31E51ADF2002FAD41 /* Info.plist */ = {isa = PBXFileReference; lastKnownFileType = text.plist.xml; path = Info.plist; sourceTree = "<group>"; };
		58568FC81E51ADF2002FAD41 /* whereimTests.xctest */ = {isa = PBXFileReference; explicitFileType = wrapper.cfbundle; includeInIndex = 0; path = whereimTests.xctest; sourceTree = BUILT_PRODUCTS_DIR; };
		58568FCC1E51ADF2002FAD41 /* whereimTests.swift */ = {isa = PBXFileReference; lastKnownFileType = sourcecode.swift; path = whereimTests.swift; sourceTree = "<group>"; };
		58568FCE1E51ADF2002FAD41 /* Info.plist */ = {isa = PBXFileReference; lastKnownFileType = text.plist.xml; path = Info.plist; sourceTree = "<group>"; };
		58568FD31E51ADF2002FAD41 /* whereimUITests.xctest */ = {isa = PBXFileReference; explicitFileType = wrapper.cfbundle; includeInIndex = 0; path = whereimUITests.xctest; sourceTree = BUILT_PRODUCTS_DIR; };
		58568FD71E51ADF2002FAD41 /* whereimUITests.swift */ = {isa = PBXFileReference; lastKnownFileType = sourcecode.swift; path = whereimUITests.swift; sourceTree = "<group>"; };
		58568FD91E51ADF2002FAD41 /* Info.plist */ = {isa = PBXFileReference; lastKnownFileType = text.plist.xml; path = Info.plist; sourceTree = "<group>"; };
		585A0E691E68344500C5E9CB /* whereim.entitlements */ = {isa = PBXFileReference; lastKnownFileType = text.plist.entitlements; path = whereim.entitlements; sourceTree = "<group>"; };
		5860912F1E75B60600377ADF /* LogController.swift */ = {isa = PBXFileReference; fileEncoding = 4; lastKnownFileType = sourcecode.swift; path = LogController.swift; sourceTree = "<group>"; };
		587CBBF31ED6149D00197A90 /* MapboxController.swift */ = {isa = PBXFileReference; fileEncoding = 4; lastKnownFileType = sourcecode.swift; path = MapboxController.swift; sourceTree = "<group>"; };
		587F41DF1EC159CB00823E6C /* DialogChannelInvite.swift */ = {isa = PBXFileReference; fileEncoding = 4; lastKnownFileType = sourcecode.swift; path = DialogChannelInvite.swift; sourceTree = "<group>"; };
		587F41E11EC15B4200823E6C /* DialogChannelInviteQrCode.swift */ = {isa = PBXFileReference; fileEncoding = 4; lastKnownFileType = sourcecode.swift; path = DialogChannelInviteQrCode.swift; sourceTree = "<group>"; };
		587F41E31EC16A6C00823E6C /* DialogNewChannel.swift */ = {isa = PBXFileReference; fileEncoding = 4; lastKnownFileType = sourcecode.swift; path = DialogNewChannel.swift; sourceTree = "<group>"; };
		587F41E51EC2223F00823E6C /* ScannerController.swift */ = {isa = PBXFileReference; fileEncoding = 4; lastKnownFileType = sourcecode.swift; path = ScannerController.swift; sourceTree = "<group>"; };
		58934FD41EF04DD300FBF052 /* DialogMatesInfo.swift */ = {isa = PBXFileReference; fileEncoding = 4; lastKnownFileType = sourcecode.swift; path = DialogMatesInfo.swift; sourceTree = "<group>"; };
		5893BDD21EF0553600F908BE /* DialogMobileEnchantment.swift */ = {isa = PBXFileReference; fileEncoding = 4; lastKnownFileType = sourcecode.swift; path = DialogMobileEnchantment.swift; sourceTree = "<group>"; };
		5893BDD41EF0554300F908BE /* DialogFixedEnchantment.swift */ = {isa = PBXFileReference; fileEncoding = 4; lastKnownFileType = sourcecode.swift; path = DialogFixedEnchantment.swift; sourceTree = "<group>"; };
		58A6EB841E56F5CF00C29A49 /* CaptchaController.swift */ = {isa = PBXFileReference; fileEncoding = 4; lastKnownFileType = sourcecode.swift; path = CaptchaController.swift; sourceTree = "<group>"; };
		58A6EB851E56F5CF00C29A49 /* ChannelListController.swift */ = {isa = PBXFileReference; fileEncoding = 4; lastKnownFileType = sourcecode.swift; path = ChannelListController.swift; sourceTree = "<group>"; };
		58A6EB861E56F5CF00C29A49 /* Config.swift */ = {isa = PBXFileReference; fileEncoding = 4; lastKnownFileType = sourcecode.swift; path = Config.swift; sourceTree = "<group>"; };
		58A6EB871E56F5CF00C29A49 /* CoreService.swift */ = {isa = PBXFileReference; fileEncoding = 4; lastKnownFileType = sourcecode.swift; path = CoreService.swift; sourceTree = "<group>"; };
		58A6EB8C1E56F66D00C29A49 /* Key.swift */ = {isa = PBXFileReference; fileEncoding = 4; lastKnownFileType = sourcecode.swift; path = Key.swift; sourceTree = "<group>"; };
		58A6EB8F1E5858E700C29A49 /* aws.bundle */ = {isa = PBXFileReference; lastKnownFileType = "wrapper.plug-in"; path = aws.bundle; sourceTree = "<group>"; };
		58A6EB991E5897BA00C29A49 /* Channel.swift */ = {isa = PBXFileReference; fileEncoding = 4; lastKnownFileType = sourcecode.swift; path = Channel.swift; sourceTree = "<group>"; };
		58D1C03F1E6DA52B005A904F /* Message.swift */ = {isa = PBXFileReference; fileEncoding = 4; lastKnownFileType = sourcecode.swift; path = Message.swift; sourceTree = "<group>"; };
		58DBA29E1E9E19C7000744F0 /* UIPlacerHolderCell.swift */ = {isa = PBXFileReference; fileEncoding = 4; lastKnownFileType = sourcecode.swift; path = UIPlacerHolderCell.swift; sourceTree = "<group>"; };
		58DBA2A01E9F2D8E000744F0 /* whereim.bundle */ = {isa = PBXFileReference; lastKnownFileType = "wrapper.plug-in"; path = whereim.bundle; sourceTree = "<group>"; };
		58DBA2A21E9F31D5000744F0 /* AboutController.swift */ = {isa = PBXFileReference; fileEncoding = 4; lastKnownFileType = sourcecode.swift; path = AboutController.swift; sourceTree = "<group>"; };
		58E347A41E5A183D0025211B /* MapController.swift */ = {isa = PBXFileReference; fileEncoding = 4; lastKnownFileType = sourcecode.swift; path = MapController.swift; sourceTree = "<group>"; };
		58E347A61E5A18F00025211B /* Mate.swift */ = {isa = PBXFileReference; fileEncoding = 4; lastKnownFileType = sourcecode.swift; path = Mate.swift; sourceTree = "<group>"; };
		58E347A81E5A23F20025211B /* ChannelController.swift */ = {isa = PBXFileReference; fileEncoding = 4; lastKnownFileType = sourcecode.swift; path = ChannelController.swift; sourceTree = "<group>"; };
		58F5C5D31ED1668B00BD9567 /* FilterBar.swift */ = {isa = PBXFileReference; fileEncoding = 4; lastKnownFileType = sourcecode.swift; path = FilterBar.swift; sourceTree = "<group>"; };
		58FA16151EE854110094A610 /* MapboxPoiViewerController.swift */ = {isa = PBXFileReference; fileEncoding = 4; lastKnownFileType = sourcecode.swift; path = MapboxPoiViewerController.swift; sourceTree = "<group>"; };
		58FA16171EE854BD0094A610 /* MapboxUtils.swift */ = {isa = PBXFileReference; fileEncoding = 4; lastKnownFileType = sourcecode.swift; path = MapboxUtils.swift; sourceTree = "<group>"; };
		58FA16191EE9DB1E0094A610 /* UIHintDialog.swift */ = {isa = PBXFileReference; fileEncoding = 4; lastKnownFileType = sourcecode.swift; path = UIHintDialog.swift; sourceTree = "<group>"; };
		704BDAB48B07EAEDFC22BF28 /* Pods_whereim.framework */ = {isa = PBXFileReference; explicitFileType = wrapper.framework; includeInIndex = 0; path = Pods_whereim.framework; sourceTree = BUILT_PRODUCTS_DIR; };
		7959DEF4F849C6B55348887F /* Pods-whereimUITests.debug.xcconfig */ = {isa = PBXFileReference; includeInIndex = 1; lastKnownFileType = text.xcconfig; name = "Pods-whereimUITests.debug.xcconfig"; path = "Pods/Target Support Files/Pods-whereimUITests/Pods-whereimUITests.debug.xcconfig"; sourceTree = "<group>"; };
/* End PBXFileReference section */

/* Begin PBXFrameworksBuildPhase section */
		58568FAE1E51ADF2002FAD41 /* Frameworks */ = {
			isa = PBXFrameworksBuildPhase;
			buildActionMask = 2147483647;
			files = (
				58568FE51E542E1D002FAD41 /* Pods_whereim.framework in Frameworks */,
			);
			runOnlyForDeploymentPostprocessing = 0;
		};
		58568FC51E51ADF2002FAD41 /* Frameworks */ = {
			isa = PBXFrameworksBuildPhase;
			buildActionMask = 2147483647;
			files = (
				F9AB810CBC94F21B55C4C54F /* Pods_whereimTests.framework in Frameworks */,
			);
			runOnlyForDeploymentPostprocessing = 0;
		};
		58568FD01E51ADF2002FAD41 /* Frameworks */ = {
			isa = PBXFrameworksBuildPhase;
			buildActionMask = 2147483647;
			files = (
				58483BC3F34B2978F0A0DED9 /* Pods_whereimUITests.framework in Frameworks */,
			);
			runOnlyForDeploymentPostprocessing = 0;
		};
/* End PBXFrameworksBuildPhase section */

/* Begin PBXGroup section */
		32E668078E72363E42BC5759 /* Frameworks */ = {
			isa = PBXGroup;
			children = (
				704BDAB48B07EAEDFC22BF28 /* Pods_whereim.framework */,
				23E406CB010A4BCE20D71AD2 /* Pods_whereimTests.framework */,
				4F2B6675A012E8969BE7DE7C /* Pods_whereimUITests.framework */,
			);
			name = Frameworks;
			sourceTree = "<group>";
		};
		3D7F16CFFBED3A83DEC049ED /* Pods */ = {
			isa = PBXGroup;
			children = (
				3FF6FDF16300892FC2995FD2 /* Pods-whereim.debug.xcconfig */,
				08B02BA680B73D399642E716 /* Pods-whereim.release.xcconfig */,
				4F5BC4E91993D704AA8B9A80 /* Pods-whereimTests.debug.xcconfig */,
				29769765B3144125E07073AB /* Pods-whereimTests.release.xcconfig */,
				7959DEF4F849C6B55348887F /* Pods-whereimUITests.debug.xcconfig */,
				12301F524FD53E73A62AF619 /* Pods-whereimUITests.release.xcconfig */,
			);
			name = Pods;
			sourceTree = "<group>";
		};
		581508B41E5DFA52003DDA80 /* views */ = {
			isa = PBXGroup;
			children = (
				581508B91E5E0C48003DDA80 /* UILoadingSwitch.swift */,
				58DBA29E1E9E19C7000744F0 /* UIPlacerHolderCell.swift */,
				58F5C5D31ED1668B00BD9567 /* FilterBar.swift */,
				58FA16191EE9DB1E0094A610 /* UIHintDialog.swift */,
				580DEA521FE7297100C4B877 /* UINavigatorTitleView.swift */,
			);
			name = views;
			sourceTree = "<group>";
		};
		583CA8D91EBCED850043B171 /* dialogs */ = {
			isa = PBXGroup;
			children = (
				583CA8E01EBCEE300043B171 /* DialogRequestActiveDevice.swift */,
				587F41E31EC16A6C00823E6C /* DialogNewChannel.swift */,
				583CA8E41EBCEE5A0043B171 /* DialogCreateChannel.swift */,
				583CA8E21EBCEE430043B171 /* DialogJoinChannel.swift */,
				587F41DF1EC159CB00823E6C /* DialogChannelInvite.swift */,
				587F41E11EC15B4200823E6C /* DialogChannelInviteQrCode.swift */,
				583CA8E61EBCEE770043B171 /* DialogEditChannel.swift */,
				583CA8E81EBCEE8F0043B171 /* DialogDeleteChannel.swift */,
				583CA8DC1EBCEDF70043B171 /* DialogEditSelf.swift */,
				583CA8DE1EBCEE150043B171 /* DialogEditMate.swift */,
				583CA8EA1EBCEEAA0043B171 /* DialogEditRadius.swift */,
				583CA8EC1EBCEECC0043B171 /* DialogMapMenu.swift */,
				583CA8F01EBCEEFF0043B171 /* DialogOpenIn.swift */,
				583CA8EE1EBCEEE60043B171 /* DialogShareLocation.swift */,
				583CA8F21EBCEF130043B171 /* DialogCreateEnchantment.swift */,
				583CA8F41EBCEF280043B171 /* DialogEditEnchantment.swift */,
				583CA8F61EBCEF3F0043B171 /* DialogDeleteEnchantment.swift */,
				583CA8F81EBCEF520043B171 /* DialogCreateMarker.swift */,
				583CA8FA1EBCEF6A0043B171 /* DialogEditMarker.swift */,
				583CA8FC1EBCEF800043B171 /* DialogDeleteMarker.swift */,
				58934FD41EF04DD300FBF052 /* DialogMatesInfo.swift */,
				5893BDD21EF0553600F908BE /* DialogMobileEnchantment.swift */,
				5893BDD41EF0554300F908BE /* DialogFixedEnchantment.swift */,
				580F8A8F2032037C000F9022 /* DialogSendSharingNotification.swift */,
			);
			name = dialogs;
			sourceTree = "<group>";
		};
		58568FA81E51ADF2002FAD41 = {
			isa = PBXGroup;
			children = (
				58202ABF1E74434400BC7FCD /* InfoPlist.strings */,
				58202AB41E743B6A00BC7FCD /* Localizable.strings */,
				58568FB31E51ADF2002FAD41 /* whereim */,
				58568FCB1E51ADF2002FAD41 /* whereimTests */,
				58568FD61E51ADF2002FAD41 /* whereimUITests */,
				58568FB21E51ADF2002FAD41 /* Products */,
				3D7F16CFFBED3A83DEC049ED /* Pods */,
				32E668078E72363E42BC5759 /* Frameworks */,
			);
			sourceTree = "<group>";
		};
		58568FB21E51ADF2002FAD41 /* Products */ = {
			isa = PBXGroup;
			children = (
				58568FB11E51ADF2002FAD41 /* whereim.app */,
				58568FC81E51ADF2002FAD41 /* whereimTests.xctest */,
				58568FD31E51ADF2002FAD41 /* whereimUITests.xctest */,
			);
			name = Products;
			sourceTree = "<group>";
		};
		58568FB31E51ADF2002FAD41 /* whereim */ = {
			isa = PBXGroup;
			children = (
				581508B41E5DFA52003DDA80 /* views */,
				58A6EB9C1E5897D900C29A49 /* models */,
				583CA8D91EBCED850043B171 /* dialogs */,
				58568FB41E51ADF2002FAD41 /* AppDelegate.swift */,
				5840689F1EABE0E600E4964D /* SettingsController.swift */,
				58DBA2A21E9F31D5000744F0 /* AboutController.swift */,
				58A6EB841E56F5CF00C29A49 /* CaptchaController.swift */,
				58568FB61E51ADF2002FAD41 /* LoginController.swift */,
				584599D51EC06BC0003C53A8 /* PoiViewerController.swift */,
				584599D71EC06BE1003C53A8 /* GooglePoiViewerController.swift */,
				58FA16151EE854110094A610 /* MapboxPoiViewerController.swift */,
				587F41E51EC2223F00823E6C /* ScannerController.swift */,
				58A6EB851E56F5CF00C29A49 /* ChannelListController.swift */,
				58E347A81E5A23F20025211B /* ChannelController.swift */,
				58E347A41E5A183D0025211B /* MapController.swift */,
				580E01E81E59CC2A00E1C3FE /* GoogleMapController.swift */,
				587CBBF31ED6149D00197A90 /* MapboxController.swift */,
				584068A11EB4672300E4964D /* SearchController.swift */,
				584068A31EB4D04900E4964D /* GoogleSearchController.swift */,
				5801156B1EE5BB1700DB8F2A /* MapboxSearchController.swift */,
				58230E101E6EEB7400AF4087 /* MessengerController.swift */,
				5831E33E1E5D5BAE00A7EB0E /* EnchantmentController.swift */,
				5831E3401E5D632900A7EB0E /* MarkerController.swift */,
				5860912F1E75B60600377ADF /* LogController.swift */,
				58A6EB871E56F5CF00C29A49 /* CoreService.swift */,
				58A6EB861E56F5CF00C29A49 /* Config.swift */,
				58A6EB8C1E56F66D00C29A49 /* Key.swift */,
				58FA16171EE854BD0094A610 /* MapboxUtils.swift */,
				5801156D1EE5C0AB00DB8F2A /* Utils.swift */,
				58568FB81E51ADF2002FAD41 /* Main.storyboard */,
				58568FBE1E51ADF2002FAD41 /* Assets.xcassets */,
				58568FC01E51ADF2002FAD41 /* LaunchScreen.storyboard */,
				58DBA2A01E9F2D8E000744F0 /* whereim.bundle */,
				58A6EB8F1E5858E700C29A49 /* aws.bundle */,
				58568FC31E51ADF2002FAD41 /* Info.plist */,
				5849B1431EAA82AC0058B560 /* GoogleService-Info.plist */,
				585A0E691E68344500C5E9CB /* whereim.entitlements */,
				58568FBB1E51ADF2002FAD41 /* whereim.xcdatamodeld */,
			);
			path = whereim;
			sourceTree = "<group>";
		};
		58568FCB1E51ADF2002FAD41 /* whereimTests */ = {
			isa = PBXGroup;
			children = (
				58568FCC1E51ADF2002FAD41 /* whereimTests.swift */,
				58568FCE1E51ADF2002FAD41 /* Info.plist */,
			);
			path = whereimTests;
			sourceTree = "<group>";
		};
		58568FD61E51ADF2002FAD41 /* whereimUITests */ = {
			isa = PBXGroup;
			children = (
				58568FD71E51ADF2002FAD41 /* whereimUITests.swift */,
				58568FD91E51ADF2002FAD41 /* Info.plist */,
			);
			path = whereimUITests;
			sourceTree = "<group>";
		};
		58A6EB9C1E5897D900C29A49 /* models */ = {
			isa = PBXGroup;
			children = (
				58A6EB991E5897BA00C29A49 /* Channel.swift */,
				58E347A61E5A18F00025211B /* Mate.swift */,
				5831E33A1E5CB95600A7EB0E /* Marker.swift */,
				5831E33C1E5CC96500A7EB0E /* Enchantment.swift */,
				58D1C03F1E6DA52B005A904F /* Message.swift */,
				58202AC31E74854A00BC7FCD /* Log.swift */,
				584599D11EC05E4F003C53A8 /* POI.swift */,
				584599D31EC05E8E003C53A8 /* GooglePOI.swift */,
			);
			name = models;
			sourceTree = "<group>";
		};
/* End PBXGroup section */

/* Begin PBXNativeTarget section */
		58568FB01E51ADF2002FAD41 /* whereim */ = {
			isa = PBXNativeTarget;
			buildConfigurationList = 58568FDC1E51ADF2002FAD41 /* Build configuration list for PBXNativeTarget "whereim" */;
			buildPhases = (
				6FB0676166BE6928ED2EE583 /* [CP] Check Pods Manifest.lock */,
				58568FAD1E51ADF2002FAD41 /* Sources */,
				58568FAE1E51ADF2002FAD41 /* Frameworks */,
				58568FAF1E51ADF2002FAD41 /* Resources */,
				04CA559B7837A039854768A6 /* [CP] Embed Pods Frameworks */,
				4E20F854A2DCED040C514235 /* [CP] Copy Pods Resources */,
				5840689E1EAB6B9E00E4964D /* ShellScript */,
			);
			buildRules = (
			);
			dependencies = (
			);
			name = whereim;
			productName = whereim;
			productReference = 58568FB11E51ADF2002FAD41 /* whereim.app */;
			productType = "com.apple.product-type.application";
		};
		58568FC71E51ADF2002FAD41 /* whereimTests */ = {
			isa = PBXNativeTarget;
			buildConfigurationList = 58568FDF1E51ADF2002FAD41 /* Build configuration list for PBXNativeTarget "whereimTests" */;
			buildPhases = (
				30E3E5E7F4F768F76B8918DA /* [CP] Check Pods Manifest.lock */,
				58568FC41E51ADF2002FAD41 /* Sources */,
				58568FC51E51ADF2002FAD41 /* Frameworks */,
				58568FC61E51ADF2002FAD41 /* Resources */,
				B5AB3346F4AD7D206D52282B /* [CP] Embed Pods Frameworks */,
				DF6122EA94D0E91F5E42D054 /* [CP] Copy Pods Resources */,
			);
			buildRules = (
			);
			dependencies = (
				58568FCA1E51ADF2002FAD41 /* PBXTargetDependency */,
			);
			name = whereimTests;
			productName = whereimTests;
			productReference = 58568FC81E51ADF2002FAD41 /* whereimTests.xctest */;
			productType = "com.apple.product-type.bundle.unit-test";
		};
		58568FD21E51ADF2002FAD41 /* whereimUITests */ = {
			isa = PBXNativeTarget;
			buildConfigurationList = 58568FE21E51ADF2002FAD41 /* Build configuration list for PBXNativeTarget "whereimUITests" */;
			buildPhases = (
				FCC176B8E3C80931FAA69B9F /* [CP] Check Pods Manifest.lock */,
				58568FCF1E51ADF2002FAD41 /* Sources */,
				58568FD01E51ADF2002FAD41 /* Frameworks */,
				58568FD11E51ADF2002FAD41 /* Resources */,
				A7920C15CF12D594832DA109 /* [CP] Embed Pods Frameworks */,
				8C0E7003AB3A3D8D109C256B /* [CP] Copy Pods Resources */,
			);
			buildRules = (
			);
			dependencies = (
				58568FD51E51ADF2002FAD41 /* PBXTargetDependency */,
			);
			name = whereimUITests;
			productName = whereimUITests;
			productReference = 58568FD31E51ADF2002FAD41 /* whereimUITests.xctest */;
			productType = "com.apple.product-type.bundle.ui-testing";
		};
/* End PBXNativeTarget section */

/* Begin PBXProject section */
		58568FA91E51ADF2002FAD41 /* Project object */ = {
			isa = PBXProject;
			attributes = {
				LastSwiftUpdateCheck = 0820;
				LastUpgradeCheck = 0910;
				ORGANIZATIONNAME = Where.IM;
				TargetAttributes = {
					58568FB01E51ADF2002FAD41 = {
						CreatedOnToolsVersion = 8.2.1;
						DevelopmentTeam = 8VF6KLK6WK;
						LastSwiftMigration = 0920;
						ProvisioningStyle = Automatic;
						SystemCapabilities = {
							com.apple.BackgroundModes = {
								enabled = 1;
							};
							com.apple.Keychain = {
								enabled = 1;
							};
							com.apple.Push = {
								enabled = 1;
							};
							com.apple.SafariKeychain = {
								enabled = 1;
							};
						};
					};
					58568FC71E51ADF2002FAD41 = {
						CreatedOnToolsVersion = 8.2.1;
						LastSwiftMigration = 0920;
						ProvisioningStyle = Automatic;
						TestTargetID = 58568FB01E51ADF2002FAD41;
					};
					58568FD21E51ADF2002FAD41 = {
						CreatedOnToolsVersion = 8.2.1;
						LastSwiftMigration = 0920;
						ProvisioningStyle = Automatic;
						TestTargetID = 58568FB01E51ADF2002FAD41;
					};
				};
			};
			buildConfigurationList = 58568FAC1E51ADF2002FAD41 /* Build configuration list for PBXProject "whereim" */;
			compatibilityVersion = "Xcode 3.2";
			developmentRegion = English;
			hasScannedForEncodings = 0;
			knownRegions = (
				en,
				Base,
				"zh-Hant",
				fr,
				de,
				ja,
				es,
				nl,
				ko,
				ru,
				th,
				vi,
			);
			mainGroup = 58568FA81E51ADF2002FAD41;
			productRefGroup = 58568FB21E51ADF2002FAD41 /* Products */;
			projectDirPath = "";
			projectRoot = "";
			targets = (
				58568FB01E51ADF2002FAD41 /* whereim */,
				58568FC71E51ADF2002FAD41 /* whereimTests */,
				58568FD21E51ADF2002FAD41 /* whereimUITests */,
			);
		};
/* End PBXProject section */

/* Begin PBXResourcesBuildPhase section */
		58568FAF1E51ADF2002FAD41 /* Resources */ = {
			isa = PBXResourcesBuildPhase;
			buildActionMask = 2147483647;
			files = (
				58202AB61E743B6A00BC7FCD /* Localizable.strings in Resources */,
				5849B1441EAA82AC0058B560 /* GoogleService-Info.plist in Resources */,
				58202AC11E74434400BC7FCD /* InfoPlist.strings in Resources */,
				58568FC21E51ADF2002FAD41 /* LaunchScreen.storyboard in Resources */,
				58A6EB901E5858E700C29A49 /* aws.bundle in Resources */,
				58568FBF1E51ADF2002FAD41 /* Assets.xcassets in Resources */,
				58DBA2A11E9F2D8E000744F0 /* whereim.bundle in Resources */,
				58568FBA1E51ADF2002FAD41 /* Main.storyboard in Resources */,
			);
			runOnlyForDeploymentPostprocessing = 0;
		};
		58568FC61E51ADF2002FAD41 /* Resources */ = {
			isa = PBXResourcesBuildPhase;
			buildActionMask = 2147483647;
			files = (
			);
			runOnlyForDeploymentPostprocessing = 0;
		};
		58568FD11E51ADF2002FAD41 /* Resources */ = {
			isa = PBXResourcesBuildPhase;
			buildActionMask = 2147483647;
			files = (
			);
			runOnlyForDeploymentPostprocessing = 0;
		};
/* End PBXResourcesBuildPhase section */

/* Begin PBXShellScriptBuildPhase section */
		04CA559B7837A039854768A6 /* [CP] Embed Pods Frameworks */ = {
			isa = PBXShellScriptBuildPhase;
			buildActionMask = 2147483647;
			files = (
			);
			inputPaths = (
				"${SRCROOT}/Pods/Target Support Files/Pods-whereim/Pods-whereim-frameworks.sh",
				"${BUILT_PRODUCTS_DIR}/Alamofire/Alamofire.framework",
				"${BUILT_PRODUCTS_DIR}/Bolts/Bolts.framework",
				"${BUILT_PRODUCTS_DIR}/Branch/Branch.framework",
				"${BUILT_PRODUCTS_DIR}/FBSDKCoreKit/FBSDKCoreKit.framework",
				"${BUILT_PRODUCTS_DIR}/FBSDKLoginKit/FBSDKLoginKit.framework",
				"${BUILT_PRODUCTS_DIR}/FacebookCore/FacebookCore.framework",
				"${BUILT_PRODUCTS_DIR}/FacebookLogin/FacebookLogin.framework",
				"${BUILT_PRODUCTS_DIR}/GRDB.swift/GRDB.framework",
				"${BUILT_PRODUCTS_DIR}/GTMOAuth2/GTMOAuth2.framework",
				"${BUILT_PRODUCTS_DIR}/GTMSessionFetcher/GTMSessionFetcher.framework",
				"${BUILT_PRODUCTS_DIR}/GoogleToolboxForMac/GoogleToolboxForMac.framework",
				"${BUILT_PRODUCTS_DIR}/MDFInternationalization/MDFInternationalization.framework",
				"${BUILT_PRODUCTS_DIR}/MDFTextAccessibility/MDFTextAccessibility.framework",
				"${PODS_ROOT}/Mapbox-iOS-SDK/dynamic/Mapbox.framework",
				"${PODS_ROOT}/Mapbox-iOS-SDK/dynamic/Mapbox.framework.dSYM",
				"${BUILT_PRODUCTS_DIR}/MaterialComponents/MaterialComponents.framework",
				"${BUILT_PRODUCTS_DIR}/Moscapsule/Moscapsule.framework",
				"${BUILT_PRODUCTS_DIR}/Protobuf/Protobuf.framework",
				"${BUILT_PRODUCTS_DIR}/SDCAlertView/SDCAlertView.framework",
				"${BUILT_PRODUCTS_DIR}/Toast-Swift/Toast_Swift.framework",
				"${BUILT_PRODUCTS_DIR}/nanopb/nanopb.framework",
			);
			name = "[CP] Embed Pods Frameworks";
			outputPaths = (
				"${TARGET_BUILD_DIR}/${FRAMEWORKS_FOLDER_PATH}/Alamofire.framework",
				"${TARGET_BUILD_DIR}/${FRAMEWORKS_FOLDER_PATH}/Bolts.framework",
				"${TARGET_BUILD_DIR}/${FRAMEWORKS_FOLDER_PATH}/Branch.framework",
				"${TARGET_BUILD_DIR}/${FRAMEWORKS_FOLDER_PATH}/FBSDKCoreKit.framework",
				"${TARGET_BUILD_DIR}/${FRAMEWORKS_FOLDER_PATH}/FBSDKLoginKit.framework",
				"${TARGET_BUILD_DIR}/${FRAMEWORKS_FOLDER_PATH}/FacebookCore.framework",
				"${TARGET_BUILD_DIR}/${FRAMEWORKS_FOLDER_PATH}/FacebookLogin.framework",
				"${TARGET_BUILD_DIR}/${FRAMEWORKS_FOLDER_PATH}/GRDB.framework",
				"${TARGET_BUILD_DIR}/${FRAMEWORKS_FOLDER_PATH}/GTMOAuth2.framework",
				"${TARGET_BUILD_DIR}/${FRAMEWORKS_FOLDER_PATH}/GTMSessionFetcher.framework",
				"${TARGET_BUILD_DIR}/${FRAMEWORKS_FOLDER_PATH}/GoogleToolboxForMac.framework",
				"${TARGET_BUILD_DIR}/${FRAMEWORKS_FOLDER_PATH}/MDFInternationalization.framework",
				"${TARGET_BUILD_DIR}/${FRAMEWORKS_FOLDER_PATH}/MDFTextAccessibility.framework",
				"${TARGET_BUILD_DIR}/${FRAMEWORKS_FOLDER_PATH}/Mapbox.framework",
				"${DWARF_DSYM_FOLDER_PATH}/Mapbox.framework.dSYM",
				"${TARGET_BUILD_DIR}/${FRAMEWORKS_FOLDER_PATH}/MaterialComponents.framework",
				"${TARGET_BUILD_DIR}/${FRAMEWORKS_FOLDER_PATH}/Moscapsule.framework",
				"${TARGET_BUILD_DIR}/${FRAMEWORKS_FOLDER_PATH}/Protobuf.framework",
				"${TARGET_BUILD_DIR}/${FRAMEWORKS_FOLDER_PATH}/SDCAlertView.framework",
				"${TARGET_BUILD_DIR}/${FRAMEWORKS_FOLDER_PATH}/Toast_Swift.framework",
				"${TARGET_BUILD_DIR}/${FRAMEWORKS_FOLDER_PATH}/nanopb.framework",
			);
			runOnlyForDeploymentPostprocessing = 0;
			shellPath = /bin/sh;
			shellScript = "\"${SRCROOT}/Pods/Target Support Files/Pods-whereim/Pods-whereim-frameworks.sh\"\n";
			showEnvVarsInLog = 0;
		};
		30E3E5E7F4F768F76B8918DA /* [CP] Check Pods Manifest.lock */ = {
			isa = PBXShellScriptBuildPhase;
			buildActionMask = 2147483647;
			files = (
			);
			inputPaths = (
				"${PODS_PODFILE_DIR_PATH}/Podfile.lock",
				"${PODS_ROOT}/Manifest.lock",
			);
			name = "[CP] Check Pods Manifest.lock";
			outputPaths = (
				"$(DERIVED_FILE_DIR)/Pods-whereimTests-checkManifestLockResult.txt",
			);
			runOnlyForDeploymentPostprocessing = 0;
			shellPath = /bin/sh;
			shellScript = "diff \"${PODS_PODFILE_DIR_PATH}/Podfile.lock\" \"${PODS_ROOT}/Manifest.lock\" > /dev/null\nif [ $? != 0 ] ; then\n    # print error to STDERR\n    echo \"error: The sandbox is not in sync with the Podfile.lock. Run 'pod install' or update your CocoaPods installation.\" >&2\n    exit 1\nfi\n# This output is used by Xcode 'outputs' to avoid re-running this script phase.\necho \"SUCCESS\" > \"${SCRIPT_OUTPUT_FILE_0}\"\n";
			showEnvVarsInLog = 0;
		};
		4E20F854A2DCED040C514235 /* [CP] Copy Pods Resources */ = {
			isa = PBXShellScriptBuildPhase;
			buildActionMask = 2147483647;
			files = (
			);
			inputPaths = (
				"${SRCROOT}/Pods/Target Support Files/Pods-whereim/Pods-whereim-resources.sh",
				"${PODS_ROOT}/GoogleMaps/Maps/Frameworks/GoogleMaps.framework/Resources/GoogleMaps.bundle",
				"${PODS_ROOT}/GoogleSignIn/Resources/GoogleSignIn.bundle",
			);
			name = "[CP] Copy Pods Resources";
			outputPaths = (
				"${TARGET_BUILD_DIR}/${UNLOCALIZED_RESOURCES_FOLDER_PATH}/GoogleMaps.bundle",
				"${TARGET_BUILD_DIR}/${UNLOCALIZED_RESOURCES_FOLDER_PATH}/GoogleSignIn.bundle",
			);
			runOnlyForDeploymentPostprocessing = 0;
			shellPath = /bin/sh;
			shellScript = "\"${SRCROOT}/Pods/Target Support Files/Pods-whereim/Pods-whereim-resources.sh\"\n";
			showEnvVarsInLog = 0;
		};
		5840689E1EAB6B9E00E4964D /* ShellScript */ = {
			isa = PBXShellScriptBuildPhase;
			buildActionMask = 2147483647;
			files = (
			);
			inputPaths = (
			);
			outputPaths = (
			);
			runOnlyForDeploymentPostprocessing = 0;
			shellPath = /bin/sh;
			shellScript = "echo GOOGLE_APP_ID=1:737200913386:ios:227b288786fe93e1\necho \"${PODS_ROOT}\"/FirebaseCrash/upload-sym \"${PODS_ROOT}\"/../where-im-154418-firebase-crashreporting-r0fbj-d866bd6cce.json";
		};
		6FB0676166BE6928ED2EE583 /* [CP] Check Pods Manifest.lock */ = {
			isa = PBXShellScriptBuildPhase;
			buildActionMask = 2147483647;
			files = (
			);
			inputPaths = (
				"${PODS_PODFILE_DIR_PATH}/Podfile.lock",
				"${PODS_ROOT}/Manifest.lock",
			);
			name = "[CP] Check Pods Manifest.lock";
			outputPaths = (
				"$(DERIVED_FILE_DIR)/Pods-whereim-checkManifestLockResult.txt",
			);
			runOnlyForDeploymentPostprocessing = 0;
			shellPath = /bin/sh;
			shellScript = "diff \"${PODS_PODFILE_DIR_PATH}/Podfile.lock\" \"${PODS_ROOT}/Manifest.lock\" > /dev/null\nif [ $? != 0 ] ; then\n    # print error to STDERR\n    echo \"error: The sandbox is not in sync with the Podfile.lock. Run 'pod install' or update your CocoaPods installation.\" >&2\n    exit 1\nfi\n# This output is used by Xcode 'outputs' to avoid re-running this script phase.\necho \"SUCCESS\" > \"${SCRIPT_OUTPUT_FILE_0}\"\n";
			showEnvVarsInLog = 0;
		};
		8C0E7003AB3A3D8D109C256B /* [CP] Copy Pods Resources */ = {
			isa = PBXShellScriptBuildPhase;
			buildActionMask = 2147483647;
			files = (
			);
			inputPaths = (
			);
			name = "[CP] Copy Pods Resources";
			outputPaths = (
			);
			runOnlyForDeploymentPostprocessing = 0;
			shellPath = /bin/sh;
			shellScript = "\"${SRCROOT}/Pods/Target Support Files/Pods-whereimUITests/Pods-whereimUITests-resources.sh\"\n";
			showEnvVarsInLog = 0;
		};
		A7920C15CF12D594832DA109 /* [CP] Embed Pods Frameworks */ = {
			isa = PBXShellScriptBuildPhase;
			buildActionMask = 2147483647;
			files = (
			);
			inputPaths = (
			);
			name = "[CP] Embed Pods Frameworks";
			outputPaths = (
			);
			runOnlyForDeploymentPostprocessing = 0;
			shellPath = /bin/sh;
			shellScript = "\"${SRCROOT}/Pods/Target Support Files/Pods-whereimUITests/Pods-whereimUITests-frameworks.sh\"\n";
			showEnvVarsInLog = 0;
		};
		B5AB3346F4AD7D206D52282B /* [CP] Embed Pods Frameworks */ = {
			isa = PBXShellScriptBuildPhase;
			buildActionMask = 2147483647;
			files = (
			);
			inputPaths = (
			);
			name = "[CP] Embed Pods Frameworks";
			outputPaths = (
			);
			runOnlyForDeploymentPostprocessing = 0;
			shellPath = /bin/sh;
			shellScript = "\"${SRCROOT}/Pods/Target Support Files/Pods-whereimTests/Pods-whereimTests-frameworks.sh\"\n";
			showEnvVarsInLog = 0;
		};
		DF6122EA94D0E91F5E42D054 /* [CP] Copy Pods Resources */ = {
			isa = PBXShellScriptBuildPhase;
			buildActionMask = 2147483647;
			files = (
			);
			inputPaths = (
			);
			name = "[CP] Copy Pods Resources";
			outputPaths = (
			);
			runOnlyForDeploymentPostprocessing = 0;
			shellPath = /bin/sh;
			shellScript = "\"${SRCROOT}/Pods/Target Support Files/Pods-whereimTests/Pods-whereimTests-resources.sh\"\n";
			showEnvVarsInLog = 0;
		};
		FCC176B8E3C80931FAA69B9F /* [CP] Check Pods Manifest.lock */ = {
			isa = PBXShellScriptBuildPhase;
			buildActionMask = 2147483647;
			files = (
			);
			inputPaths = (
				"${PODS_PODFILE_DIR_PATH}/Podfile.lock",
				"${PODS_ROOT}/Manifest.lock",
			);
			name = "[CP] Check Pods Manifest.lock";
			outputPaths = (
				"$(DERIVED_FILE_DIR)/Pods-whereimUITests-checkManifestLockResult.txt",
			);
			runOnlyForDeploymentPostprocessing = 0;
			shellPath = /bin/sh;
			shellScript = "diff \"${PODS_PODFILE_DIR_PATH}/Podfile.lock\" \"${PODS_ROOT}/Manifest.lock\" > /dev/null\nif [ $? != 0 ] ; then\n    # print error to STDERR\n    echo \"error: The sandbox is not in sync with the Podfile.lock. Run 'pod install' or update your CocoaPods installation.\" >&2\n    exit 1\nfi\n# This output is used by Xcode 'outputs' to avoid re-running this script phase.\necho \"SUCCESS\" > \"${SCRIPT_OUTPUT_FILE_0}\"\n";
			showEnvVarsInLog = 0;
		};
/* End PBXShellScriptBuildPhase section */

/* Begin PBXSourcesBuildPhase section */
		58568FAD1E51ADF2002FAD41 /* Sources */ = {
			isa = PBXSourcesBuildPhase;
			buildActionMask = 2147483647;
			files = (
				5801156C1EE5BB1700DB8F2A /* MapboxSearchController.swift in Sources */,
				583CA8E51EBCEE5A0043B171 /* DialogCreateChannel.swift in Sources */,
				58568FB71E51ADF2002FAD41 /* LoginController.swift in Sources */,
				584068A21EB4672300E4964D /* SearchController.swift in Sources */,
				58568FBD1E51ADF2002FAD41 /* whereim.xcdatamodeld in Sources */,
				583CA8E91EBCEE8F0043B171 /* DialogDeleteChannel.swift in Sources */,
				583CA8E31EBCEE430043B171 /* DialogJoinChannel.swift in Sources */,
				583CA8EF1EBCEEE60043B171 /* DialogShareLocation.swift in Sources */,
				58202AC41E74854A00BC7FCD /* Log.swift in Sources */,
				583CA8F71EBCEF3F0043B171 /* DialogDeleteEnchantment.swift in Sources */,
				58FA16181EE854BD0094A610 /* MapboxUtils.swift in Sources */,
				587F41E61EC2223F00823E6C /* ScannerController.swift in Sources */,
				583CA8EB1EBCEEAA0043B171 /* DialogEditRadius.swift in Sources */,
				580F8A902032037C000F9022 /* DialogSendSharingNotification.swift in Sources */,
				583CA8DF1EBCEE150043B171 /* DialogEditMate.swift in Sources */,
				580DEA531FE7297100C4B877 /* UINavigatorTitleView.swift in Sources */,
				58230E111E6EEB7400AF4087 /* MessengerController.swift in Sources */,
				58A6EB881E56F5CF00C29A49 /* CaptchaController.swift in Sources */,
				58FA16161EE854110094A610 /* MapboxPoiViewerController.swift in Sources */,
				583CA8F51EBCEF280043B171 /* DialogEditEnchantment.swift in Sources */,
				58E347A51E5A183D0025211B /* MapController.swift in Sources */,
				5801156E1EE5C0AB00DB8F2A /* Utils.swift in Sources */,
				587CBBF41ED6149D00197A90 /* MapboxController.swift in Sources */,
				586091301E75B60600377ADF /* LogController.swift in Sources */,
				58568FB51E51ADF2002FAD41 /* AppDelegate.swift in Sources */,
				583CA8FD1EBCEF800043B171 /* DialogDeleteMarker.swift in Sources */,
				587F41E01EC159CB00823E6C /* DialogChannelInvite.swift in Sources */,
				58A6EB891E56F5CF00C29A49 /* ChannelListController.swift in Sources */,
				583CA8F11EBCEEFF0043B171 /* DialogOpenIn.swift in Sources */,
				58A6EB8D1E56F66D00C29A49 /* Key.swift in Sources */,
				583CA8DD1EBCEDF70043B171 /* DialogEditSelf.swift in Sources */,
				58A6EB8B1E56F5CF00C29A49 /* CoreService.swift in Sources */,
				58E347A71E5A18F00025211B /* Mate.swift in Sources */,
				5893BDD31EF0553600F908BE /* DialogMobileEnchantment.swift in Sources */,
				58E347A91E5A23F20025211B /* ChannelController.swift in Sources */,
				584599D81EC06BE1003C53A8 /* GooglePoiViewerController.swift in Sources */,
				584068A01EABE0E600E4964D /* SettingsController.swift in Sources */,
				58F5C5D41ED1668B00BD9567 /* FilterBar.swift in Sources */,
				58DBA29F1E9E19C7000744F0 /* UIPlacerHolderCell.swift in Sources */,
				583CA8F91EBCEF520043B171 /* DialogCreateMarker.swift in Sources */,
				584599D21EC05E4F003C53A8 /* POI.swift in Sources */,
				584068A41EB4D04900E4964D /* GoogleSearchController.swift in Sources */,
				5893BDD51EF0554300F908BE /* DialogFixedEnchantment.swift in Sources */,
				58A6EB9A1E5897BA00C29A49 /* Channel.swift in Sources */,
				58A6EB8A1E56F5CF00C29A49 /* Config.swift in Sources */,
				587F41E21EC15B4200823E6C /* DialogChannelInviteQrCode.swift in Sources */,
				58FA161A1EE9DB1E0094A610 /* UIHintDialog.swift in Sources */,
				587F41E41EC16A6C00823E6C /* DialogNewChannel.swift in Sources */,
				581508BA1E5E0C48003DDA80 /* UILoadingSwitch.swift in Sources */,
				584599D61EC06BC0003C53A8 /* PoiViewerController.swift in Sources */,
				583CA8ED1EBCEECC0043B171 /* DialogMapMenu.swift in Sources */,
				580E01E91E59CC2A00E1C3FE /* GoogleMapController.swift in Sources */,
				584599D41EC05E8E003C53A8 /* GooglePOI.swift in Sources */,
				58DBA2A31E9F31D5000744F0 /* AboutController.swift in Sources */,
				5831E3411E5D632900A7EB0E /* MarkerController.swift in Sources */,
				58934FD51EF04DD300FBF052 /* DialogMatesInfo.swift in Sources */,
				5831E33D1E5CC96500A7EB0E /* Enchantment.swift in Sources */,
				583CA8F31EBCEF130043B171 /* DialogCreateEnchantment.swift in Sources */,
				583CA8FB1EBCEF6A0043B171 /* DialogEditMarker.swift in Sources */,
				5831E33B1E5CB95600A7EB0E /* Marker.swift in Sources */,
				583CA8E11EBCEE300043B171 /* DialogRequestActiveDevice.swift in Sources */,
				58D1C0401E6DA52B005A904F /* Message.swift in Sources */,
				583CA8E71EBCEE770043B171 /* DialogEditChannel.swift in Sources */,
				5831E33F1E5D5BAE00A7EB0E /* EnchantmentController.swift in Sources */,
			);
			runOnlyForDeploymentPostprocessing = 0;
		};
		58568FC41E51ADF2002FAD41 /* Sources */ = {
			isa = PBXSourcesBuildPhase;
			buildActionMask = 2147483647;
			files = (
				58568FCD1E51ADF2002FAD41 /* whereimTests.swift in Sources */,
			);
			runOnlyForDeploymentPostprocessing = 0;
		};
		58568FCF1E51ADF2002FAD41 /* Sources */ = {
			isa = PBXSourcesBuildPhase;
			buildActionMask = 2147483647;
			files = (
				58568FD81E51ADF2002FAD41 /* whereimUITests.swift in Sources */,
			);
			runOnlyForDeploymentPostprocessing = 0;
		};
/* End PBXSourcesBuildPhase section */

/* Begin PBXTargetDependency section */
		58568FCA1E51ADF2002FAD41 /* PBXTargetDependency */ = {
			isa = PBXTargetDependency;
			target = 58568FB01E51ADF2002FAD41 /* whereim */;
			targetProxy = 58568FC91E51ADF2002FAD41 /* PBXContainerItemProxy */;
		};
		58568FD51E51ADF2002FAD41 /* PBXTargetDependency */ = {
			isa = PBXTargetDependency;
			target = 58568FB01E51ADF2002FAD41 /* whereim */;
			targetProxy = 58568FD41E51ADF2002FAD41 /* PBXContainerItemProxy */;
		};
/* End PBXTargetDependency section */

/* Begin PBXVariantGroup section */
		58202AB41E743B6A00BC7FCD /* Localizable.strings */ = {
			isa = PBXVariantGroup;
			children = (
				58202AB51E743B6A00BC7FCD /* Base */,
				58202AB91E743C9200BC7FCD /* zh-Hant */,
				583CA8FF1EBCF9CE0043B171 /* fr */,
				583CA9011EBCF9D70043B171 /* de */,
				583CA9031EBCF9DF0043B171 /* ja */,
				583CA9051EBCF9E50043B171 /* es */,
				583CA9071EBCF9EE0043B171 /* nl */,
				583CA9091EBCF9F60043B171 /* ko */,
				583CA90B1EBCF9FE0043B171 /* ru */,
				583CA90D1EBCFA0B0043B171 /* th */,
				583CA90F1EBCFA2A0043B171 /* vi */,
			);
			name = Localizable.strings;
			sourceTree = "<group>";
		};
		58202ABF1E74434400BC7FCD /* InfoPlist.strings */ = {
			isa = PBXVariantGroup;
			children = (
				58202AC01E74434400BC7FCD /* Base */,
				58202AC21E74439400BC7FCD /* zh-Hant */,
				583CA8FE1EBCF9CE0043B171 /* fr */,
				583CA9001EBCF9D70043B171 /* de */,
				583CA9021EBCF9DF0043B171 /* ja */,
				583CA9041EBCF9E50043B171 /* es */,
				583CA9061EBCF9ED0043B171 /* nl */,
				583CA9081EBCF9F60043B171 /* ko */,
				583CA90A1EBCF9FE0043B171 /* ru */,
				583CA90C1EBCFA0B0043B171 /* th */,
				583CA90E1EBCFA2A0043B171 /* vi */,
			);
			name = InfoPlist.strings;
			sourceTree = "<group>";
		};
		58568FB81E51ADF2002FAD41 /* Main.storyboard */ = {
			isa = PBXVariantGroup;
			children = (
				58568FB91E51ADF2002FAD41 /* Base */,
			);
			name = Main.storyboard;
			sourceTree = "<group>";
		};
		58568FC01E51ADF2002FAD41 /* LaunchScreen.storyboard */ = {
			isa = PBXVariantGroup;
			children = (
				58568FC11E51ADF2002FAD41 /* Base */,
			);
			name = LaunchScreen.storyboard;
			sourceTree = "<group>";
		};
/* End PBXVariantGroup section */

/* Begin XCBuildConfiguration section */
		58568FDA1E51ADF2002FAD41 /* Debug */ = {
			isa = XCBuildConfiguration;
			buildSettings = {
				ALWAYS_SEARCH_USER_PATHS = NO;
				CLANG_ANALYZER_LOCALIZABILITY_NONLOCALIZED = YES;
				CLANG_ANALYZER_NONNULL = YES;
				CLANG_CXX_LANGUAGE_STANDARD = "gnu++0x";
				CLANG_CXX_LIBRARY = "libc++";
				CLANG_ENABLE_MODULES = YES;
				CLANG_ENABLE_OBJC_ARC = YES;
				CLANG_WARN_BLOCK_CAPTURE_AUTORELEASING = YES;
				CLANG_WARN_BOOL_CONVERSION = YES;
				CLANG_WARN_COMMA = YES;
				CLANG_WARN_CONSTANT_CONVERSION = YES;
				CLANG_WARN_DIRECT_OBJC_ISA_USAGE = YES_ERROR;
				CLANG_WARN_DOCUMENTATION_COMMENTS = YES;
				CLANG_WARN_EMPTY_BODY = YES;
				CLANG_WARN_ENUM_CONVERSION = YES;
				CLANG_WARN_INFINITE_RECURSION = YES;
				CLANG_WARN_INT_CONVERSION = YES;
				CLANG_WARN_NON_LITERAL_NULL_CONVERSION = YES;
				CLANG_WARN_OBJC_LITERAL_CONVERSION = YES;
				CLANG_WARN_OBJC_ROOT_CLASS = YES_ERROR;
				CLANG_WARN_RANGE_LOOP_ANALYSIS = YES;
				CLANG_WARN_STRICT_PROTOTYPES = YES;
				CLANG_WARN_SUSPICIOUS_MOVE = YES;
				CLANG_WARN_UNREACHABLE_CODE = YES;
				CLANG_WARN__DUPLICATE_METHOD_MATCH = YES;
				"CODE_SIGN_IDENTITY[sdk=iphoneos*]" = "iPhone Developer";
				COPY_PHASE_STRIP = NO;
				DEBUG_INFORMATION_FORMAT = dwarf;
				ENABLE_STRICT_OBJC_MSGSEND = YES;
				ENABLE_TESTABILITY = YES;
				GCC_C_LANGUAGE_STANDARD = gnu99;
				GCC_DYNAMIC_NO_PIC = NO;
				GCC_NO_COMMON_BLOCKS = YES;
				GCC_OPTIMIZATION_LEVEL = 0;
				GCC_PREPROCESSOR_DEFINITIONS = (
					"DEBUG=1",
					"$(inherited)",
				);
				GCC_WARN_64_TO_32_BIT_CONVERSION = YES;
				GCC_WARN_ABOUT_RETURN_TYPE = YES_ERROR;
				GCC_WARN_UNDECLARED_SELECTOR = YES;
				GCC_WARN_UNINITIALIZED_AUTOS = YES_AGGRESSIVE;
				GCC_WARN_UNUSED_FUNCTION = YES;
				GCC_WARN_UNUSED_VARIABLE = YES;
				IPHONEOS_DEPLOYMENT_TARGET = 10.2;
				MTL_ENABLE_DEBUG_INFO = YES;
				ONLY_ACTIVE_ARCH = YES;
				SDKROOT = iphoneos;
				SWIFT_ACTIVE_COMPILATION_CONDITIONS = DEBUG;
				SWIFT_OPTIMIZATION_LEVEL = "-Onone";
				TARGETED_DEVICE_FAMILY = "1,2";
			};
			name = Debug;
		};
		58568FDB1E51ADF2002FAD41 /* Release */ = {
			isa = XCBuildConfiguration;
			buildSettings = {
				ALWAYS_SEARCH_USER_PATHS = NO;
				CLANG_ANALYZER_LOCALIZABILITY_NONLOCALIZED = YES;
				CLANG_ANALYZER_NONNULL = YES;
				CLANG_CXX_LANGUAGE_STANDARD = "gnu++0x";
				CLANG_CXX_LIBRARY = "libc++";
				CLANG_ENABLE_MODULES = YES;
				CLANG_ENABLE_OBJC_ARC = YES;
				CLANG_WARN_BLOCK_CAPTURE_AUTORELEASING = YES;
				CLANG_WARN_BOOL_CONVERSION = YES;
				CLANG_WARN_COMMA = YES;
				CLANG_WARN_CONSTANT_CONVERSION = YES;
				CLANG_WARN_DIRECT_OBJC_ISA_USAGE = YES_ERROR;
				CLANG_WARN_DOCUMENTATION_COMMENTS = YES;
				CLANG_WARN_EMPTY_BODY = YES;
				CLANG_WARN_ENUM_CONVERSION = YES;
				CLANG_WARN_INFINITE_RECURSION = YES;
				CLANG_WARN_INT_CONVERSION = YES;
				CLANG_WARN_NON_LITERAL_NULL_CONVERSION = YES;
				CLANG_WARN_OBJC_LITERAL_CONVERSION = YES;
				CLANG_WARN_OBJC_ROOT_CLASS = YES_ERROR;
				CLANG_WARN_RANGE_LOOP_ANALYSIS = YES;
				CLANG_WARN_STRICT_PROTOTYPES = YES;
				CLANG_WARN_SUSPICIOUS_MOVE = YES;
				CLANG_WARN_UNREACHABLE_CODE = YES;
				CLANG_WARN__DUPLICATE_METHOD_MATCH = YES;
				"CODE_SIGN_IDENTITY[sdk=iphoneos*]" = "iPhone Developer";
				COPY_PHASE_STRIP = NO;
				DEBUG_INFORMATION_FORMAT = "dwarf-with-dsym";
				ENABLE_NS_ASSERTIONS = NO;
				ENABLE_STRICT_OBJC_MSGSEND = YES;
				GCC_C_LANGUAGE_STANDARD = gnu99;
				GCC_NO_COMMON_BLOCKS = YES;
				GCC_WARN_64_TO_32_BIT_CONVERSION = YES;
				GCC_WARN_ABOUT_RETURN_TYPE = YES_ERROR;
				GCC_WARN_UNDECLARED_SELECTOR = YES;
				GCC_WARN_UNINITIALIZED_AUTOS = YES_AGGRESSIVE;
				GCC_WARN_UNUSED_FUNCTION = YES;
				GCC_WARN_UNUSED_VARIABLE = YES;
				IPHONEOS_DEPLOYMENT_TARGET = 10.2;
				MTL_ENABLE_DEBUG_INFO = NO;
				SDKROOT = iphoneos;
				SWIFT_OPTIMIZATION_LEVEL = "-Owholemodule";
				TARGETED_DEVICE_FAMILY = "1,2";
				VALIDATE_PRODUCT = YES;
			};
			name = Release;
		};
		58568FDD1E51ADF2002FAD41 /* Debug */ = {
			isa = XCBuildConfiguration;
			baseConfigurationReference = 3FF6FDF16300892FC2995FD2 /* Pods-whereim.debug.xcconfig */;
			buildSettings = {
				ASSETCATALOG_COMPILER_APPICON_NAME = AppIcon;
				CODE_SIGN_ENTITLEMENTS = whereim/whereim.entitlements;
				DEVELOPMENT_TEAM = 8VF6KLK6WK;
				INFOPLIST_FILE = whereim/Info.plist;
				IPHONEOS_DEPLOYMENT_TARGET = 9.0;
				LD_RUNPATH_SEARCH_PATHS = "$(inherited) @executable_path/Frameworks";
				ONLY_ACTIVE_ARCH = YES;
				PRODUCT_BUNDLE_IDENTIFIER = im.where.whereim;
				PRODUCT_NAME = "$(TARGET_NAME)";
				SWIFT_SWIFT3_OBJC_INFERENCE = On;
				SWIFT_VERSION = 4.0;
			};
			name = Debug;
		};
		58568FDE1E51ADF2002FAD41 /* Release */ = {
			isa = XCBuildConfiguration;
			baseConfigurationReference = 08B02BA680B73D399642E716 /* Pods-whereim.release.xcconfig */;
			buildSettings = {
				ASSETCATALOG_COMPILER_APPICON_NAME = AppIcon;
				CODE_SIGN_ENTITLEMENTS = whereim/whereim.entitlements;
				DEVELOPMENT_TEAM = 8VF6KLK6WK;
				INFOPLIST_FILE = whereim/Info.plist;
				IPHONEOS_DEPLOYMENT_TARGET = 9.0;
				LD_RUNPATH_SEARCH_PATHS = "$(inherited) @executable_path/Frameworks";
				ONLY_ACTIVE_ARCH = NO;
				PRODUCT_BUNDLE_IDENTIFIER = im.where.whereim;
				PRODUCT_NAME = "$(TARGET_NAME)";
				SWIFT_SWIFT3_OBJC_INFERENCE = On;
				SWIFT_VERSION = 4.0;
			};
			name = Release;
		};
		58568FE01E51ADF2002FAD41 /* Debug */ = {
			isa = XCBuildConfiguration;
			baseConfigurationReference = 4F5BC4E91993D704AA8B9A80 /* Pods-whereimTests.debug.xcconfig */;
			buildSettings = {
				ALWAYS_EMBED_SWIFT_STANDARD_LIBRARIES = YES;
				BUNDLE_LOADER = "$(TEST_HOST)";
				INFOPLIST_FILE = whereimTests/Info.plist;
				LD_RUNPATH_SEARCH_PATHS = "$(inherited) @executable_path/Frameworks @loader_path/Frameworks";
				PRODUCT_BUNDLE_IDENTIFIER = im.where.whereimTests;
				PRODUCT_NAME = "$(TARGET_NAME)";
				SWIFT_SWIFT3_OBJC_INFERENCE = On;
				SWIFT_VERSION = 4.0;
				TEST_HOST = "$(BUILT_PRODUCTS_DIR)/whereim.app/whereim";
			};
			name = Debug;
		};
		58568FE11E51ADF2002FAD41 /* Release */ = {
			isa = XCBuildConfiguration;
			baseConfigurationReference = 29769765B3144125E07073AB /* Pods-whereimTests.release.xcconfig */;
			buildSettings = {
				ALWAYS_EMBED_SWIFT_STANDARD_LIBRARIES = YES;
				BUNDLE_LOADER = "$(TEST_HOST)";
				INFOPLIST_FILE = whereimTests/Info.plist;
				LD_RUNPATH_SEARCH_PATHS = "$(inherited) @executable_path/Frameworks @loader_path/Frameworks";
				PRODUCT_BUNDLE_IDENTIFIER = im.where.whereimTests;
				PRODUCT_NAME = "$(TARGET_NAME)";
				SWIFT_SWIFT3_OBJC_INFERENCE = On;
				SWIFT_VERSION = 4.0;
				TEST_HOST = "$(BUILT_PRODUCTS_DIR)/whereim.app/whereim";
			};
			name = Release;
		};
		58568FE31E51ADF2002FAD41 /* Debug */ = {
			isa = XCBuildConfiguration;
			baseConfigurationReference = 7959DEF4F849C6B55348887F /* Pods-whereimUITests.debug.xcconfig */;
			buildSettings = {
				ALWAYS_EMBED_SWIFT_STANDARD_LIBRARIES = YES;
				INFOPLIST_FILE = whereimUITests/Info.plist;
				LD_RUNPATH_SEARCH_PATHS = "$(inherited) @executable_path/Frameworks @loader_path/Frameworks";
				PRODUCT_BUNDLE_IDENTIFIER = im.where.whereimUITests;
				PRODUCT_NAME = "$(TARGET_NAME)";
				SWIFT_SWIFT3_OBJC_INFERENCE = On;
				SWIFT_VERSION = 4.0;
				TEST_TARGET_NAME = whereim;
			};
			name = Debug;
		};
		58568FE41E51ADF2002FAD41 /* Release */ = {
			isa = XCBuildConfiguration;
			baseConfigurationReference = 12301F524FD53E73A62AF619 /* Pods-whereimUITests.release.xcconfig */;
			buildSettings = {
				ALWAYS_EMBED_SWIFT_STANDARD_LIBRARIES = YES;
				INFOPLIST_FILE = whereimUITests/Info.plist;
				LD_RUNPATH_SEARCH_PATHS = "$(inherited) @executable_path/Frameworks @loader_path/Frameworks";
				PRODUCT_BUNDLE_IDENTIFIER = im.where.whereimUITests;
				PRODUCT_NAME = "$(TARGET_NAME)";
				SWIFT_SWIFT3_OBJC_INFERENCE = On;
				SWIFT_VERSION = 4.0;
				TEST_TARGET_NAME = whereim;
			};
			name = Release;
		};
/* End XCBuildConfiguration section */

/* Begin XCConfigurationList section */
		58568FAC1E51ADF2002FAD41 /* Build configuration list for PBXProject "whereim" */ = {
			isa = XCConfigurationList;
			buildConfigurations = (
				58568FDA1E51ADF2002FAD41 /* Debug */,
				58568FDB1E51ADF2002FAD41 /* Release */,
			);
			defaultConfigurationIsVisible = 0;
			defaultConfigurationName = Release;
		};
		58568FDC1E51ADF2002FAD41 /* Build configuration list for PBXNativeTarget "whereim" */ = {
			isa = XCConfigurationList;
			buildConfigurations = (
				58568FDD1E51ADF2002FAD41 /* Debug */,
				58568FDE1E51ADF2002FAD41 /* Release */,
			);
			defaultConfigurationIsVisible = 0;
			defaultConfigurationName = Release;
		};
		58568FDF1E51ADF2002FAD41 /* Build configuration list for PBXNativeTarget "whereimTests" */ = {
			isa = XCConfigurationList;
			buildConfigurations = (
				58568FE01E51ADF2002FAD41 /* Debug */,
				58568FE11E51ADF2002FAD41 /* Release */,
			);
			defaultConfigurationIsVisible = 0;
			defaultConfigurationName = Release;
		};
		58568FE21E51ADF2002FAD41 /* Build configuration list for PBXNativeTarget "whereimUITests" */ = {
			isa = XCConfigurationList;
			buildConfigurations = (
				58568FE31E51ADF2002FAD41 /* Debug */,
				58568FE41E51ADF2002FAD41 /* Release */,
			);
			defaultConfigurationIsVisible = 0;
			defaultConfigurationName = Release;
		};
/* End XCConfigurationList section */

/* Begin XCVersionGroup section */
		58568FBB1E51ADF2002FAD41 /* whereim.xcdatamodeld */ = {
			isa = XCVersionGroup;
			children = (
				58568FBC1E51ADF2002FAD41 /* whereim.xcdatamodel */,
			);
			currentVersion = 58568FBC1E51ADF2002FAD41 /* whereim.xcdatamodel */;
			path = whereim.xcdatamodeld;
			sourceTree = "<group>";
			versionGroupType = wrapper.xcdatamodel;
		};
/* End XCVersionGroup section */
	};
	rootObject = 58568FA91E51ADF2002FAD41 /* Project object */;
}
